%{
  "b58": {:hex, :b58, "1.0.3", "d300d6ae5a3de956a54b9e8220e924e4fee1a349de983df2340fe61e0e464202", [:mix], [], "hexpm", "af62a98a8661fd89978cf3a3a4b5b2ebe82209de6ac6164f0b112e36af72fc59"},
  "earmark": {:hex, :earmark, "1.4.39", "acdb2f02c536471029dbcc509fbd6b94b89f40ad7729fb3f68f4b6944843f01d", [:mix], [{:earmark_parser, "~> 1.4.33", [hex: :earmark_parser, repo: "hexpm", optional: false]}], "hexpm", "156c9d8ec3cbeccdbf26216d8247bdeeacc8c76b4d9eee7554be2f1b623ea440"},
  "earmark_parser": {:hex, :earmark_parser, "1.4.39", "424642f8335b05bb9eb611aa1564c148a8ee35c9c8a8bba6e129d51a3e3c6769", [:mix], [], "hexpm", "06553a88d1f1846da9ef066b87b57c6f605552cfbe40d20bd8d59cc6bde41944"},
  "ex_doc": {:hex, :ex_doc, "0.34.0", "ab95e0775db3df71d30cf8d78728dd9261c355c81382bcd4cefdc74610bef13e", [:mix], [{:earmark_parser, "~> 1.4.39", [hex: :earmark_parser, repo: "hexpm", optional: false]}, {:makeup_c, ">= 0.1.0", [hex: :makeup_c, repo: "hexpm", optional: true]}, {:makeup_elixir, "~> 0.14 or ~> 1.0", [hex: :makeup_elixir, repo: "hexpm", optional: false]}, {:makeup_erlang, "~> 0.1 or ~> 1.0", [hex: :makeup_erlang, repo: "hexpm", optional: false]}, {:makeup_html, ">= 0.1.0", [hex: :makeup_html, repo: "hexpm", optional: true]}], "hexpm", "60734fb4c1353f270c3286df4a0d51e65a2c1d9fba66af3940847cc65a8066d7"},
  "ex_multihash": {:hex, :ex_multihash, "2.0.0", "7fb36f842a2ec1c6bbba550f28fcd16d3c62981781b9466c9c1975c43d7db43c", [:mix], [], "hexpm", "66a08a86a1ba00d95736c595d7975696e5691308cdf7770c50b0f84a2a1172b0"},
  "excoveralls": {:hex, :excoveralls, "0.18.0", "b92497e69465dc51bc37a6422226ee690ab437e4c06877e836f1c18daeb35da9", [:mix], [{:castore, "~> 1.0", [hex: :castore, repo: "hexpm", optional: true]}, {:jason, "~> 1.0", [hex: :jason, repo: "hexpm", optional: false]}], "hexpm", "1109bb911f3cb583401760be49c02cbbd16aed66ea9509fc5479335d284da60b"},
  "jason": {:hex, :jason, "1.4.4", "b9226785a9aa77b6857ca22832cffa5d5011a667207eb2a0ad56adb5db443b8a", [:mix], [{:decimal, "~> 1.0 or ~> 2.0", [hex: :decimal, repo: "hexpm", optional: true]}], "hexpm", "c5eb0cab91f094599f94d55bc63409236a8ec69a21a67814529e8d5f6cc90b3b"},
  "makeup": {:hex, :makeup, "1.1.2", "9ba8837913bdf757787e71c1581c21f9d2455f4dd04cfca785c70bbfff1a76a3", [:mix], [{:nimble_parsec, "~> 1.2.2 or ~> 1.3", [hex: :nimble_parsec, repo: "hexpm", optional: false]}], "hexpm", "cce1566b81fbcbd21eca8ffe808f33b221f9eee2cbc7a1706fc3da9ff18e6cac"},
  "makeup_elixir": {:hex, :makeup_elixir, "0.16.2", "627e84b8e8bf22e60a2579dad15067c755531fea049ae26ef1020cad58fe9578", [:mix], [{:makeup, "~> 1.0", [hex: :makeup, repo: "hexpm", optional: false]}, {:nimble_parsec, "~> 1.2.3 or ~> 1.3", [hex: :nimble_parsec, repo: "hexpm", optional: false]}], "hexpm", "41193978704763f6bbe6cc2758b84909e62984c7752b3784bd3c218bb341706b"},
  "makeup_erlang": {:hex, :makeup_erlang, "1.0.0", "6f0eff9c9c489f26b69b61440bf1b238d95badae49adac77973cbacae87e3c2e", [:mix], [{:makeup, "~> 1.0", [hex: :makeup, repo: "hexpm", optional: false]}], "hexpm", "ea7a9307de9d1548d2a72d299058d1fd2339e3d398560a0e46c27dab4891e4d2"},
  "nimble_parsec": {:hex, :nimble_parsec, "1.4.0", "51f9b613ea62cfa97b25ccc2c1b4216e81df970acd8e16e8d1bdc58fef21370d", [:mix], [], "hexpm", "9c565862810fb383e9838c1dd2d7d2c437b3d13b267414ba6af33e50d2d1cf28"},
  "stream_data": {:hex, :stream_data, "1.1.1", "fd515ca95619cca83ba08b20f5e814aaf1e5ebff114659dc9731f966c9226246", [:mix], [], "hexpm", "45d0cd46bd06738463fd53f22b70042dbb58c384bb99ef4e7576e7bb7d3b8c8c"},
}
