%{
  "b58": {:hex, :b58, "0.1.1", "950563b90ad95be214143aa807d16c98d2ac7bab915097cb1461c936128c6b90", [:mix], [], "hexpm", "73336019a6a9512cd53f01fcef69d1c71428b546eb66bbd062f4fcc11b23cd9d"},
  "earmark": {:hex, :earmark, "1.4.39", "acdb2f02c536471029dbcc509fbd6b94b89f40ad7729fb3f68f4b6944843f01d", [:mix], [{:earmark_parser, "~> 1.4.33", [hex: :earmark_parser, repo: "hexpm", optional: false]}], "hexpm", "156c9d8ec3cbeccdbf26216d8247bdeeacc8c76b4d9eee7554be2f1b623ea440"},
  "earmark_parser": {:hex, :earmark_parser, "1.4.33", "3c3fd9673bb5dcc9edc28dd90f50c87ce506d1f71b70e3de69aa8154bc695d44", [:mix], [], "hexpm", "2d526833729b59b9fdb85785078697c72ac5e5066350663e5be6a1182da61b8f"},
  "ex_doc": {:hex, :ex_doc, "0.30.5", "aa6da96a5c23389d7dc7c381eba862710e108cee9cfdc629b7ec021313900e9e", [:mix], [{:earmark_parser, "~> 1.4.31", [hex: :earmark_parser, repo: "hexpm", optional: false]}, {:makeup_elixir, "~> 0.14", [hex: :makeup_elixir, repo: "hexpm", optional: false]}, {:makeup_erlang, "~> 0.1", [hex: :makeup_erlang, repo: "hexpm", optional: false]}], "hexpm", "88a1e115dcb91cefeef7e22df4a6ebbe4634fbf98b38adcbc25c9607d6d9d8e6"},
  "ex_multihash": {:hex, :ex_multihash, "2.0.0", "7fb36f842a2ec1c6bbba550f28fcd16d3c62981781b9466c9c1975c43d7db43c", [:mix], [], "hexpm", "66a08a86a1ba00d95736c595d7975696e5691308cdf7770c50b0f84a2a1172b0"},
  "excoveralls": {:hex, :excoveralls, "0.17.0", "279f124dba347903bb654bc40745c493ae265d45040001b4899ea1edf88078c7", [:mix], [{:castore, "~> 1.0", [hex: :castore, repo: "hexpm", optional: true]}, {:jason, "~> 1.0", [hex: :jason, repo: "hexpm", optional: false]}], "hexpm", "08b638d114387a888f9cb8d65f2a0021ec04c3e447b793efa7c1e734aba93004"},
  "jason": {:hex, :jason, "1.4.1", "af1504e35f629ddcdd6addb3513c3853991f694921b1b9368b0bd32beb9f1b63", [:mix], [{:decimal, "~> 1.0 or ~> 2.0", [hex: :decimal, repo: "hexpm", optional: true]}], "hexpm", "fbb01ecdfd565b56261302f7e1fcc27c4fb8f32d56eab74db621fc154604a7a1"},
  "makeup": {:hex, :makeup, "1.1.0", "6b67c8bc2882a6b6a445859952a602afc1a41c2e08379ca057c0f525366fc3ca", [:mix], [{:nimble_parsec, "~> 1.2.2 or ~> 1.3", [hex: :nimble_parsec, repo: "hexpm", optional: false]}], "hexpm", "0a45ed501f4a8897f580eabf99a2e5234ea3e75a4373c8a52824f6e873be57a6"},
  "makeup_elixir": {:hex, :makeup_elixir, "0.16.1", "cc9e3ca312f1cfeccc572b37a09980287e243648108384b97ff2b76e505c3555", [:mix], [{:makeup, "~> 1.0", [hex: :makeup, repo: "hexpm", optional: false]}, {:nimble_parsec, "~> 1.2.3 or ~> 1.3", [hex: :nimble_parsec, repo: "hexpm", optional: false]}], "hexpm", "e127a341ad1b209bd80f7bd1620a15693a9908ed780c3b763bccf7d200c767c6"},
  "makeup_erlang": {:hex, :makeup_erlang, "0.1.2", "ad87296a092a46e03b7e9b0be7631ddcf64c790fa68a9ef5323b6cbb36affc72", [:mix], [{:makeup, "~> 1.0", [hex: :makeup, repo: "hexpm", optional: false]}], "hexpm", "f3f5a1ca93ce6e092d92b6d9c049bcda58a3b617a8d888f8e7231c85630e8108"},
  "nimble_parsec": {:hex, :nimble_parsec, "1.3.1", "2c54013ecf170e249e9291ed0a62e5832f70a476c61da16f6aac6dca0189f2af", [:mix], [], "hexpm", "2682e3c0b2eb58d90c6375fc0cc30bc7be06f365bf72608804fb9cffa5e1b167"},
  "stream_data": {:hex, :stream_data, "0.6.0", "e87a9a79d7ec23d10ff83eb025141ef4915eeb09d4491f79e52f2562b73e5f47", [:mix], [], "hexpm", "b92b5031b650ca480ced047578f1d57ea6dd563f5b57464ad274718c9c29501c"},
}
